// !$*UTF8*$!
{
	archiveVersion = 1;
	classes = {
	};
	objectVersion = 56;
	objects = {

/* Begin PBXBuildFile section */
		BF13FC282A8FEDB9002B35B9 /* AppDelegate.m in Sources */ = {isa = PBXBuildFile; fileRef = BF13FC272A8FEDB9002B35B9 /* AppDelegate.m */; };
		BF13FC2A2A8FEDBA002B35B9 /* Assets.xcassets in Resources */ = {isa = PBXBuildFile; fileRef = BF13FC292A8FEDBA002B35B9 /* Assets.xcassets */; };
		BF13FC2D2A8FEDBA002B35B9 /* MainMenu.xib in Resources */ = {isa = PBXBuildFile; fileRef = BF13FC2B2A8FEDBA002B35B9 /* MainMenu.xib */; };
		BF13FC2F2A8FEDBA002B35B9 /* main.m in Sources */ = {isa = PBXBuildFile; fileRef = BF13FC2E2A8FEDBA002B35B9 /* main.m */; };
/* End PBXBuildFile section */

/* Begin PBXFileReference section */
		BF13FC232A8FEDB9002B35B9 /* onReleaseModifiersBTTTriggerMinimizeWindowUnderCursor.app */ = {isa = PBXFileReference; explicitFileType = wrapper.application; includeInIndex = 0; path = onReleaseModifiersBTTTriggerMinimizeWindowUnderCursor.app; sourceTree = BUILT_PRODUCTS_DIR; };
		BF13FC262A8FEDB9002B35B9 /* AppDelegate.h */ = {isa = PBXFileReference; lastKnownFileType = sourcecode.c.h; path = AppDelegate.h; sourceTree = "<group>"; };
		BF13FC272A8FEDB9002B35B9 /* AppDelegate.m */ = {isa = PBXFileReference; lastKnownFileType = sourcecode.c.objc; path = AppDelegate.m; sourceTree = "<group>"; };
		BF13FC292A8FEDBA002B35B9 /* Assets.xcassets */ = {isa = PBXFileReference; lastKnownFileType = folder.assetcatalog; path = Assets.xcassets; sourceTree = "<group>"; };
		BF13FC2C2A8FEDBA002B35B9 /* Base */ = {isa = PBXFileReference; lastKnownFileType = file.xib; name = Base; path = Base.lproj/MainMenu.xib; sourceTree = "<group>"; };
		BF13FC2E2A8FEDBA002B35B9 /* main.m */ = {isa = PBXFileReference; lastKnownFileType = sourcecode.c.objc; path = main.m; sourceTree = "<group>"; };
		BF13FC302A8FEDBA002B35B9 /* onReleaseModifiersBTTTriggerMinimizeWindowUnderCursor.entitlements */ = {isa = PBXFileReference; lastKnownFileType = text.plist.entitlements; path = onReleaseModifiersBTTTriggerMinimizeWindowUnderCursor.entitlements; sourceTree = "<group>"; };
		BF13FC362A8FFC98002B35B9 /* Info.plist */ = {isa = PBXFileReference; lastKnownFileType = text.plist; path = Info.plist; sourceTree = "<group>"; };
/* End PBXFileReference section */

/* Begin PBXFrameworksBuildPhase section */
		BF13FC202A8FEDB9002B35B9 /* Frameworks */ = {
			isa = PBXFrameworksBuildPhase;
			buildActionMask = 2147483647;
			files = (
			);
			runOnlyForDeploymentPostprocessing = 0;
		};
/* End PBXFrameworksBuildPhase section */

/* Begin PBXGroup section */
		BF13FC1A2A8FEDB9002B35B9 = {
			isa = PBXGroup;
			children = (
				BF13FC252A8FEDB9002B35B9 /* onReleaseModifiersBTTTriggerMinimizeWindowUnderCursor */,
				BF13FC242A8FEDB9002B35B9 /* Products */,
			);
			sourceTree = "<group>";
		};
		BF13FC242A8FEDB9002B35B9 /* Products */ = {
			isa = PBXGroup;
			children = (
				BF13FC232A8FEDB9002B35B9 /* onReleaseModifiersBTTTriggerMinimizeWindowUnderCursor.app */,
			);
			name = Products;
			sourceTree = "<group>";
		};
		BF13FC252A8FEDB9002B35B9 /* onReleaseModifiersBTTTriggerMinimizeWindowUnderCursor */ = {
			isa = PBXGroup;
			children = (
				BF13FC362A8FFC98002B35B9 /* Info.plist */,
				BF13FC262A8FEDB9002B35B9 /* AppDelegate.h */,
				BF13FC272A8FEDB9002B35B9 /* AppDelegate.m */,
				BF13FC292A8FEDBA002B35B9 /* Assets.xcassets */,
				BF13FC2B2A8FEDBA002B35B9 /* MainMenu.xib */,
				BF13FC2E2A8FEDBA002B35B9 /* main.m */,
				BF13FC302A8FEDBA002B35B9 /* onReleaseModifiersBTTTriggerMinimizeWindowUnderCursor.entitlements */,
			);
			path = onReleaseModifiersBTTTriggerMinimizeWindowUnderCursor;
			sourceTree = "<group>";
		};
/* End PBXGroup section */

/* Begin PBXNativeTarget section */
		BF13FC222A8FEDB9002B35B9 /* onReleaseModifiersBTTTriggerMinimizeWindowUnderCursor */ = {
			isa = PBXNativeTarget;
			buildConfigurationList = BF13FC332A8FEDBA002B35B9 /* Build configuration list for PBXNativeTarget "onReleaseModifiersBTTTriggerMinimizeWindowUnderCursor" */;
			buildPhases = (
				BF13FC1F2A8FEDB9002B35B9 /* Sources */,
				BF13FC202A8FEDB9002B35B9 /* Frameworks */,
				BF13FC212A8FEDB9002B35B9 /* Resources */,
			);
			buildRules = (
			);
			dependencies = (
			);
			name = onReleaseModifiersBTTTriggerMinimizeWindowUnderCursor;
			productName = onReleaseModifiersBTTTriggerMinimizeWindowUnderCursor;
			productReference = BF13FC232A8FEDB9002B35B9 /* onReleaseModifiersBTTTriggerMinimizeWindowUnderCursor.app */;
			productType = "com.apple.product-type.application";
		};
/* End PBXNativeTarget section */

/* Begin PBXProject section */
		BF13FC1B2A8FEDB9002B35B9 /* Project object */ = {
			isa = PBXProject;
			attributes = {
				BuildIndependentTargetsInParallel = 1;
				LastUpgradeCheck = 1430;
				TargetAttributes = {
					BF13FC222A8FEDB9002B35B9 = {
						CreatedOnToolsVersion = 14.3.1;
					};
				};
			};
			buildConfigurationList = BF13FC1E2A8FEDB9002B35B9 /* Build configuration list for PBXProject "onReleaseModifiersBTTTriggerMinimizeWindowUnderCursor" */;
			compatibilityVersion = "Xcode 14.0";
			developmentRegion = en;
			hasScannedForEncodings = 0;
			knownRegions = (
				en,
				Base,
			);
			mainGroup = BF13FC1A2A8FEDB9002B35B9;
			productRefGroup = BF13FC242A8FEDB9002B35B9 /* Products */;
			projectDirPath = "";
			projectRoot = "";
			targets = (
				BF13FC222A8FEDB9002B35B9 /* onReleaseModifiersBTTTriggerMinimizeWindowUnderCursor */,
			);
		};
/* End PBXProject section */

/* Begin PBXResourcesBuildPhase section */
		BF13FC212A8FEDB9002B35B9 /* Resources */ = {
			isa = PBXResourcesBuildPhase;
			buildActionMask = 2147483647;
			files = (
				BF13FC2A2A8FEDBA002B35B9 /* Assets.xcassets in Resources */,
				BF13FC2D2A8FEDBA002B35B9 /* MainMenu.xib in Resources */,
			);
			runOnlyForDeploymentPostprocessing = 0;
		};
/* End PBXResourcesBuildPhase section */

/* Begin PBXSourcesBuildPhase section */
		BF13FC1F2A8FEDB9002B35B9 /* Sources */ = {
			isa = PBXSourcesBuildPhase;
			buildActionMask = 2147483647;
			files = (
				BF13FC2F2A8FEDBA002B35B9 /* main.m in Sources */,
				BF13FC282A8FEDB9002B35B9 /* AppDelegate.m in Sources */,
			);
			runOnlyForDeploymentPostprocessing = 0;
		};
/* End PBXSourcesBuildPhase section */

/* Begin PBXVariantGroup section */
		BF13FC2B2A8FEDBA002B35B9 /* MainMenu.xib */ = {
			isa = PBXVariantGroup;
			children = (
				BF13FC2C2A8FEDBA002B35B9 /* Base */,
			);
			name = MainMenu.xib;
			sourceTree = "<group>";
		};
/* End PBXVariantGroup section */

/* Begin XCBuildConfiguration section */
		BF13FC312A8FEDBA002B35B9 /* Debug */ = {
			isa = XCBuildConfiguration;
			buildSettings = {
				ALWAYS_SEARCH_USER_PATHS = NO;
				CLANG_ANALYZER_NONNULL = YES;
				CLANG_ANALYZER_NUMBER_OBJECT_CONVERSION = YES_AGGRESSIVE;
				CLANG_CXX_LANGUAGE_STANDARD = "gnu++20";
				CLANG_ENABLE_MODULES = YES;
				CLANG_ENABLE_OBJC_ARC = YES;
				CLANG_ENABLE_OBJC_WEAK = YES;
				CLANG_WARN_BLOCK_CAPTURE_AUTORELEASING = YES;
				CLANG_WARN_BOOL_CONVERSION = YES;
				CLANG_WARN_COMMA = YES;
				CLANG_WARN_CONSTANT_CONVERSION = YES;
				CLANG_WARN_DEPRECATED_OBJC_IMPLEMENTATIONS = YES;
				CLANG_WARN_DIRECT_OBJC_ISA_USAGE = YES_ERROR;
				CLANG_WARN_DOCUMENTATION_COMMENTS = YES;
				CLANG_WARN_EMPTY_BODY = YES;
				CLANG_WARN_ENUM_CONVERSION = YES;
				CLANG_WARN_INFINITE_RECURSION = YES;
				CLANG_WARN_INT_CONVERSION = YES;
				CLANG_WARN_NON_LITERAL_NULL_CONVERSION = YES;
				CLANG_WARN_OBJC_IMPLICIT_RETAIN_SELF = YES;
				CLANG_WARN_OBJC_LITERAL_CONVERSION = YES;
				CLANG_WARN_OBJC_ROOT_CLASS = YES_ERROR;
				CLANG_WARN_QUOTED_INCLUDE_IN_FRAMEWORK_HEADER = YES;
				CLANG_WARN_RANGE_LOOP_ANALYSIS = YES;
				CLANG_WARN_STRICT_PROTOTYPES = YES;
				CLANG_WARN_SUSPICIOUS_MOVE = YES;
				CLANG_WARN_UNGUARDED_AVAILABILITY = YES_AGGRESSIVE;
				CLANG_WARN_UNREACHABLE_CODE = YES;
				CLANG_WARN__DUPLICATE_METHOD_MATCH = YES;
				COPY_PHASE_STRIP = NO;
				DEBUG_INFORMATION_FORMAT = dwarf;
				ENABLE_APP_SANDBOX = NO;
				ENABLE_STRICT_OBJC_MSGSEND = YES;
				ENABLE_TESTABILITY = YES;
				GCC_C_LANGUAGE_STANDARD = gnu11;
				GCC_DYNAMIC_NO_PIC = NO;
				GCC_NO_COMMON_BLOCKS = YES;
				GCC_OPTIMIZATION_LEVEL = 0;
				GCC_PREPROCESSOR_DEFINITIONS = (
					"DEBUG=1",
					"$(inherited)",
				);
				GCC_WARN_64_TO_32_BIT_CONVERSION = YES;
				GCC_WARN_ABOUT_RETURN_TYPE = YES_ERROR;
				GCC_WARN_UNDECLARED_SELECTOR = YES;
				GCC_WARN_UNINITIALIZED_AUTOS = YES_AGGRESSIVE;
				GCC_WARN_UNUSED_FUNCTION = YES;
				GCC_WARN_UNUSED_VARIABLE = YES;
				MACOSX_DEPLOYMENT_TARGET = 13.3;
				MTL_ENABLE_DEBUG_INFO = INCLUDE_SOURCE;
				MTL_FAST_MATH = YES;
				ONLY_ACTIVE_ARCH = YES;
				SDKROOT = macosx;
			};
			name = Debug;
		};
		BF13FC322A8FEDBA002B35B9 /* Release */ = {
			isa = XCBuildConfiguration;
			buildSettings = {
				ALWAYS_SEARCH_USER_PATHS = NO;
				CLANG_ANALYZER_NONNULL = YES;
				CLANG_ANALYZER_NUMBER_OBJECT_CONVERSION = YES_AGGRESSIVE;
				CLANG_CXX_LANGUAGE_STANDARD = "gnu++20";
				CLANG_ENABLE_MODULES = YES;
				CLANG_ENABLE_OBJC_ARC = YES;
				CLANG_ENABLE_OBJC_WEAK = YES;
				CLANG_WARN_BLOCK_CAPTURE_AUTORELEASING = YES;
				CLANG_WARN_BOOL_CONVERSION = YES;
				CLANG_WARN_COMMA = YES;
				CLANG_WARN_CONSTANT_CONVERSION = YES;
				CLANG_WARN_DEPRECATED_OBJC_IMPLEMENTATIONS = YES;
				CLANG_WARN_DIRECT_OBJC_ISA_USAGE = YES_ERROR;
				CLANG_WARN_DOCUMENTATION_COMMENTS = YES;
				CLANG_WARN_EMPTY_BODY = YES;
				CLANG_WARN_ENUM_CONVERSION = YES;
				CLANG_WARN_INFINITE_RECURSION = YES;
				CLANG_WARN_INT_CONVERSION = YES;
				CLANG_WARN_NON_LITERAL_NULL_CONVERSION = YES;
				CLANG_WARN_OBJC_IMPLICIT_RETAIN_SELF = YES;
				CLANG_WARN_OBJC_LITERAL_CONVERSION = YES;
				CLANG_WARN_OBJC_ROOT_CLASS = YES_ERROR;
				CLANG_WARN_QUOTED_INCLUDE_IN_FRAMEWORK_HEADER = YES;
				CLANG_WARN_RANGE_LOOP_ANALYSIS = YES;
				CLANG_WARN_STRICT_PROTOTYPES = YES;
				CLANG_WARN_SUSPICIOUS_MOVE = YES;
				CLANG_WARN_UNGUARDED_AVAILABILITY = YES_AGGRESSIVE;
				CLANG_WARN_UNREACHABLE_CODE = YES;
				CLANG_WARN__DUPLICATE_METHOD_MATCH = YES;
				COPY_PHASE_STRIP = NO;
				DEBUG_INFORMATION_FORMAT = "dwarf-with-dsym";
				ENABLE_APP_SANDBOX = NO;
				ENABLE_NS_ASSERTIONS = NO;
				ENABLE_STRICT_OBJC_MSGSEND = YES;
				GCC_C_LANGUAGE_STANDARD = gnu11;
				GCC_NO_COMMON_BLOCKS = YES;
				GCC_WARN_64_TO_32_BIT_CONVERSION = YES;
				GCC_WARN_ABOUT_RETURN_TYPE = YES_ERROR;
				GCC_WARN_UNDECLARED_SELECTOR = YES;
				GCC_WARN_UNINITIALIZED_AUTOS = YES_AGGRESSIVE;
				GCC_WARN_UNUSED_FUNCTION = YES;
				GCC_WARN_UNUSED_VARIABLE = YES;
				MACOSX_DEPLOYMENT_TARGET = 13.3;
				MTL_ENABLE_DEBUG_INFO = NO;
				MTL_FAST_MATH = YES;
				SDKROOT = macosx;
			};
			name = Release;
		};
		BF13FC342A8FEDBA002B35B9 /* Debug */ = {
			isa = XCBuildConfiguration;
			buildSettings = {
				ASSETCATALOG_COMPILER_APPICON_NAME = AppIcon;
				ASSETCATALOG_COMPILER_GLOBAL_ACCENT_COLOR_NAME = AccentColor;
				CODE_SIGN_ENTITLEMENTS = onReleaseModifiersBTTTriggerMinimizeWindowUnderCursor/onReleaseModifiersBTTTriggerMinimizeWindowUnderCursor.entitlements;
				"CODE_SIGN_IDENTITY[sdk=macosx*]" = "Apple Development";
				CODE_SIGN_STYLE = Automatic;
				COMBINE_HIDPI_IMAGES = YES;
				CURRENT_PROJECT_VERSION = 1;
				DEVELOPMENT_TEAM = L33QBJT48B;
				ENABLE_APP_SANDBOX = NO;
				ENABLE_HARDENED_RUNTIME = YES;
				GENERATE_INFOPLIST_FILE = YES;
				INFOPLIST_FILE = onReleaseModifiersBTTTriggerMinimizeWindowUnderCursor/Info.plist;
				INFOPLIST_KEY_LSUIElement = YES;
				INFOPLIST_KEY_NSAppleEventsUsageDescription = "$(PRODUCT_NAME) needs to control System Events";
				INFOPLIST_KEY_NSHumanReadableCopyright = "";
				INFOPLIST_KEY_NSMainNibFile = MainMenu;
				INFOPLIST_KEY_NSPrincipalClass = NSApplication;
				LD_RUNPATH_SEARCH_PATHS = (
					"$(inherited)",
					"@executable_path/../Frameworks",
				);
				MARKETING_VERSION = 1.0;
				PRODUCT_BUNDLE_IDENTIFIER = com.steventheworker.onReleaseModifiersBTTTriggerMinimizeWindowUnderCursor;
				PRODUCT_NAME = "$(TARGET_NAME)";
				SWIFT_EMIT_LOC_STRINGS = YES;
			};
			name = Debug;
		};
		BF13FC352A8FEDBA002B35B9 /* Release */ = {
			isa = XCBuildConfiguration;
			buildSettings = {
				ASSETCATALOG_COMPILER_APPICON_NAME = AppIcon;
				ASSETCATALOG_COMPILER_GLOBAL_ACCENT_COLOR_NAME = AccentColor;
				CODE_SIGN_ENTITLEMENTS = onReleaseModifiersBTTTriggerMinimizeWindowUnderCursor/onReleaseModifiersBTTTriggerMinimizeWindowUnderCursor.entitlements;
				"CODE_SIGN_IDENTITY[sdk=macosx*]" = "Apple Development";
				CODE_SIGN_STYLE = Automatic;
				COMBINE_HIDPI_IMAGES = YES;
				CURRENT_PROJECT_VERSION = 1;
				DEVELOPMENT_TEAM = L33QBJT48B;
				ENABLE_APP_SANDBOX = NO;
				ENABLE_HARDENED_RUNTIME = YES;
				GENERATE_INFOPLIST_FILE = YES;
				INFOPLIST_FILE = onReleaseModifiersBTTTriggerMinimizeWindowUnderCursor/Info.plist;
				INFOPLIST_KEY_LSUIElement = YES;
				INFOPLIST_KEY_NSAppleEventsUsageDescription = "$(PRODUCT_NAME) needs to control System Events";
				INFOPLIST_KEY_NSHumanReadableCopyright = "";
				INFOPLIST_KEY_NSMainNibFile = MainMenu;
				INFOPLIST_KEY_NSPrincipalClass = NSApplication;
				LD_RUNPATH_SEARCH_PATHS = (
					"$(inherited)",
					"@executable_path/../Frameworks",
				);
				MARKETING_VERSION = 1.0;
				PRODUCT_BUNDLE_IDENTIFIER = com.steventheworker.onReleaseModifiersBTTTriggerMinimizeWindowUnderCursor;
				PRODUCT_NAME = "$(TARGET_NAME)";
				SWIFT_EMIT_LOC_STRINGS = YES;
			};
			name = Release;
		};
/* End XCBuildConfiguration section */

/* Begin XCConfigurationList section */
		BF13FC1E2A8FEDB9002B35B9 /* Build configuration list for PBXProject "onReleaseModifiersBTTTriggerMinimizeWindowUnderCursor" */ = {
			isa = XCConfigurationList;
			buildConfigurations = (
				BF13FC312A8FEDBA002B35B9 /* Debug */,
				BF13FC322A8FEDBA002B35B9 /* Release */,
			);
			defaultConfigurationIsVisible = 0;
			defaultConfigurationName = Release;
		};
		BF13FC332A8FEDBA002B35B9 /* Build configuration list for PBXNativeTarget "onReleaseModifiersBTTTriggerMinimizeWindowUnderCursor" */ = {
			isa = XCConfigurationList;
			buildConfigurations = (
				BF13FC342A8FEDBA002B35B9 /* Debug */,
				BF13FC352A8FEDBA002B35B9 /* Release */,
			);
			defaultConfigurationIsVisible = 0;
			defaultConfigurationName = Release;
		};
/* End XCConfigurationList section */
	};
	rootObject = BF13FC1B2A8FEDB9002B35B9 /* Project object */;
}
